# This file was autogenerated by Stack.
# You should not edit this file by hand.
# For more information, please see the documentation at:
#   https://docs.haskellstack.org/en/stable/lock_files

packages:
- completed:
    hackage: delay-0@sha256:7fab2998bbf13bb09a2c0d9719e63417aa61b8a70706f2bc3de4478821485331,1466
    pantry-tree:
      sha256: 14b6dfd690427d70a1e70f8695b3a712c19bea7ed60e6624a3df51123920b6bd
      size: 264
  original:
    hackage: delay-0
snapshots:
- completed:
    sha256: 18514ff1ed00330c922bd8d28d88a54670a9849f17eb07dc78391a94d576749d
    size: 678854
    url: https://raw.githubusercontent.com/commercialhaskell/stackage-snapshots/master/lts/23/1.yaml
  original:
    url: https://raw.githubusercontent.com/commercialhaskell/stackage-snapshots/master/lts/23/1.yaml
